# This file was autogenerated by Stack.
# You should not edit this file by hand.
# For more information, please see the documentation at:
#   https://docs.haskellstack.org/en/stable/lock_files

packages:
- completed:
    hackage: language-spir-v-0.1.0.3@sha256:c07d92777e2b0e4ac9bd3ef0902e50c046d42edf1a1a98d17e78d039d60d1351,2079
    pantry-tree:
      sha256: 070eec1689892418ff45135d972b3464fc884e102bbbbbf43f99e934d77db5e8
      size: 650
  original:
    hackage: language-spir-v-0.1.0.3
snapshots:
- completed:
    sha256: 96d941a6c484efb750ceab66a2dd177caa580391a4e2e4afb14fc4e9f536846f
    size: 621372
    url: https://raw.githubusercontent.com/commercialhaskell/stackage-snapshots/master/nightly/2025/1/6.yaml
  original: nightly-2025-01-06
